
Microsoft Visual Studio Solution File, Format Version 12.00
# Visual Studio Version 17
VisualStudioVersion = 17.11.35431.28
MinimumVisualStudioVersion = 10.0.40219.1
Project("{9A19103F-16F7-4668-BE54-9A1E7A4F7556}") = "Server", "Server/Server.csproj", "{4DE0FFD9-19FE-40D3-A139-C08C5C56CAF6}"
EndProject
Global
	GlobalSection(SolutionConfigurationPlatforms) = preSolution
		Debug|Any CPU = Debug|Any CPU
		Release|Any CPU = Release|Any CPU
	EndGlobalSection
	GlobalSection(ProjectConfigurationPlatforms) = postSolution
		{4DE0FFD9-19FE-40D3-A139-C08C5C56CAF6}.Debug|Any CPU.ActiveCfg = Debug|Any CPU
		{4DE0FFD9-19FE-40D3-A139-C08C5C56CAF6}.Debug|Any CPU.Build.0 = Debug|Any CPU
		{4DE0FFD9-19FE-40D3-A139-C08C5C56CAF6}.Release|Any CPU.ActiveCfg = Release|Any CPU
		{4DE0FFD9-19FE-40D3-A139-C08C5C56CAF6}.Release|Any CPU.Build.0 = Release|Any CPU
	EndGlobalSection
	GlobalSection(SolutionProperties) = preSolution
		HideSolutionNode = FALSE
	EndGlobalSection
	GlobalSection(ExtensibilityGlobals) = postSolution
		SolutionGuid = {F0D930C5-79A7-4751-9118-BBF4F4E75D9F}
	EndGlobalSection
EndGlobal
