
Microsoft Visual Studio Solution File, Format Version 12.00
# Visual Studio Version 16
VisualStudioVersion = 16.0.35130.168
MinimumVisualStudioVersion = 10.0.40219.1
Project("{FAE04EC0-301F-11D3-BF4B-00C04F79EFBC}") = "TestWcfService", "TestWcfService\TestWcfService.csproj", "{F3A04EE4-B2E4-4FDB-9459-E1FE46D395DA}"
EndProject
Global
	GlobalSection(SolutionConfigurationPlatforms) = preSolution
		Debug|Any CPU = Debug|Any CPU
		Release|Any CPU = Release|Any CPU
	EndGlobalSection
	GlobalSection(ProjectConfigurationPlatforms) = postSolution
		{F3A04EE4-B2E4-4FDB-9459-E1FE46D395DA}.Debug|Any CPU.ActiveCfg = Debug|Any CPU
		{F3A04EE4-B2E4-4FDB-9459-E1FE46D395DA}.Debug|Any CPU.Build.0 = Debug|Any CPU
		{F3A04EE4-B2E4-4FDB-9459-E1FE46D395DA}.Release|Any CPU.ActiveCfg = Release|Any CPU
		{F3A04EE4-B2E4-4FDB-9459-E1FE46D395DA}.Release|Any CPU.Build.0 = Release|Any CPU
	EndGlobalSection
	GlobalSection(SolutionProperties) = preSolution
		HideSolutionNode = FALSE
	EndGlobalSection
	GlobalSection(ExtensibilityGlobals) = postSolution
		SolutionGuid = {BCD81832-E14D-4B70-874A-17A00D18B094}
	EndGlobalSection
EndGlobal
